
Microsoft Visual Studio Solution File, Format Version 12.00
# Visual Studio 2013
VisualStudioVersion = 12.0.21005.1
MinimumVisualStudioVersion = 10.0.40219.1
Project("{FAE04EC0-301F-11D3-BF4B-00C04F79EFBC}") = "Sample.Web", "Sample.Web\Sample.Web.csproj", "{DF021AA1-3663-4A2F-A744-18A1DC469C02}"
EndProject
Project("{FAE04EC0-301F-11D3-BF4B-00C04F79EFBC}") = "Sample.Core", "Sample.Core\Sample.Core.csproj", "{43826EA6-BCE4-4951-A5B6-10E93CF9CA4E}"
EndProject
Project("{FAE04EC0-301F-11D3-BF4B-00C04F79EFBC}") = "Sample.Core.Test", "Sample.Core.Test\Sample.Core.Test.csproj", "{AD40828A-DD8B-49A7-A92C-53EA24496561}"
EndProject
Project("{FAE04EC0-301F-11D3-BF4B-00C04F79EFBC}") = "Sample.Web.Test.Automation", "Sample.Web.Test.Automation\Sample.Web.Test.Automation.csproj", "{D3D6A44D-EF9C-4DD8-A359-A4F7680E50C8}"
EndProject
Global
	GlobalSection(SolutionConfigurationPlatforms) = preSolution
		Debug|Any CPU = Debug|Any CPU
		Release|Any CPU = Release|Any CPU
	EndGlobalSection
	GlobalSection(ProjectConfigurationPlatforms) = postSolution
		{DF021AA1-3663-4A2F-A744-18A1DC469C02}.Debug|Any CPU.ActiveCfg = Debug|Any CPU
		{DF021AA1-3663-4A2F-A744-18A1DC469C02}.Debug|Any CPU.Build.0 = Debug|Any CPU
		{DF021AA1-3663-4A2F-A744-18A1DC469C02}.Release|Any CPU.ActiveCfg = Release|Any CPU
		{DF021AA1-3663-4A2F-A744-18A1DC469C02}.Release|Any CPU.Build.0 = Release|Any CPU
		{43826EA6-BCE4-4951-A5B6-10E93CF9CA4E}.Debug|Any CPU.ActiveCfg = Debug|Any CPU
		{43826EA6-BCE4-4951-A5B6-10E93CF9CA4E}.Debug|Any CPU.Build.0 = Debug|Any CPU
		{43826EA6-BCE4-4951-A5B6-10E93CF9CA4E}.Release|Any CPU.ActiveCfg = Release|Any CPU
		{43826EA6-BCE4-4951-A5B6-10E93CF9CA4E}.Release|Any CPU.Build.0 = Release|Any CPU
		{AD40828A-DD8B-49A7-A92C-53EA24496561}.Debug|Any CPU.ActiveCfg = Debug|Any CPU
		{AD40828A-DD8B-49A7-A92C-53EA24496561}.Debug|Any CPU.Build.0 = Debug|Any CPU
		{AD40828A-DD8B-49A7-A92C-53EA24496561}.Release|Any CPU.ActiveCfg = Release|Any CPU
		{AD40828A-DD8B-49A7-A92C-53EA24496561}.Release|Any CPU.Build.0 = Release|Any CPU
		{D3D6A44D-EF9C-4DD8-A359-A4F7680E50C8}.Debug|Any CPU.ActiveCfg = Debug|Any CPU
		{D3D6A44D-EF9C-4DD8-A359-A4F7680E50C8}.Debug|Any CPU.Build.0 = Debug|Any CPU
		{D3D6A44D-EF9C-4DD8-A359-A4F7680E50C8}.Release|Any CPU.ActiveCfg = Release|Any CPU
		{D3D6A44D-EF9C-4DD8-A359-A4F7680E50C8}.Release|Any CPU.Build.0 = Release|Any CPU
	EndGlobalSection
	GlobalSection(SolutionProperties) = preSolution
		HideSolutionNode = FALSE
	EndGlobalSection
EndGlobal
